
Microsoft Visual Studio Solution File, Format Version 12.00
# Visual Studio Version 17
VisualStudioVersion = 17.14.36518.9 d17.14
MinimumVisualStudioVersion = 10.0.40219.1
Project("{FAE04EC0-301F-11D3-BF4B-00C04F79EFBC}") = "keylogger", "keylogger\keylogger.csproj", "{1271727C-AF37-4AA0-B03C-AB56759EFFAD}"
EndProject
Global
	GlobalSection(SolutionConfigurationPlatforms) = preSolution
		Debug|Any CPU = Debug|Any CPU
		Release|Any CPU = Release|Any CPU
	EndGlobalSection
	GlobalSection(ProjectConfigurationPlatforms) = postSolution
		{1271727C-AF37-4AA0-B03C-AB56759EFFAD}.Debug|Any CPU.ActiveCfg = Debug|Any CPU
		{1271727C-AF37-4AA0-B03C-AB56759EFFAD}.Debug|Any CPU.Build.0 = Debug|Any CPU
		{1271727C-AF37-4AA0-B03C-AB56759EFFAD}.Release|Any CPU.ActiveCfg = Release|Any CPU
		{1271727C-AF37-4AA0-B03C-AB56759EFFAD}.Release|Any CPU.Build.0 = Release|Any CPU
	EndGlobalSection
	GlobalSection(SolutionProperties) = preSolution
		HideSolutionNode = FALSE
	EndGlobalSection
	GlobalSection(ExtensibilityGlobals) = postSolution
		SolutionGuid = {B7BA0BB6-7F5A-420E-8A30-934207A9CDF8}
	EndGlobalSection
EndGlobal
